
Microsoft Visual Studio Solution File, Format Version 12.00
# Visual Studio Version 17
VisualStudioVersion = 17.4.33122.133
MinimumVisualStudioVersion = 10.0.40219.1
Project("{FAE04EC0-301F-11D3-BF4B-00C04F79EFBC}") = "SchoolGradingSystem", "SchoolGradingSystem\SchoolGradingSystem.csproj", "{1E5280A6-6D8A-4620-A322-2B0B9406E8AB}"
EndProject
Global
	GlobalSection(SolutionConfigurationPlatforms) = preSolution
		Debug|Any CPU = Debug|Any CPU
		Release|Any CPU = Release|Any CPU
	EndGlobalSection
	GlobalSection(ProjectConfigurationPlatforms) = postSolution
		{1E5280A6-6D8A-4620-A322-2B0B9406E8AB}.Debug|Any CPU.ActiveCfg = Debug|Any CPU
		{1E5280A6-6D8A-4620-A322-2B0B9406E8AB}.Debug|Any CPU.Build.0 = Debug|Any CPU
		{1E5280A6-6D8A-4620-A322-2B0B9406E8AB}.Release|Any CPU.ActiveCfg = Release|Any CPU
		{1E5280A6-6D8A-4620-A322-2B0B9406E8AB}.Release|Any CPU.Build.0 = Release|Any CPU
	EndGlobalSection
	GlobalSection(SolutionProperties) = preSolution
		HideSolutionNode = FALSE
	EndGlobalSection
	GlobalSection(ExtensibilityGlobals) = postSolution
		SolutionGuid = {CE7CE61D-174D-4B9C-B91E-3B242E7CFFD9}
	EndGlobalSection
EndGlobal
